
Microsoft Visual Studio Solution File, Format Version 12.00
# Visual Studio Version 18
VisualStudioVersion = 18.1.11312.151 d18.0
MinimumVisualStudioVersion = 10.0.40219.1
Project("{FAE04EC0-301F-11D3-BF4B-00C04F79EFBC}") = "Faraday.API", "Faraday.API\Faraday.API.csproj", "{2E6749A9-D06C-E42E-04EC-B4930D087B9E}"
EndProject
Global
	GlobalSection(SolutionConfigurationPlatforms) = preSolution
		Debug|Any CPU = Debug|Any CPU
		Release|Any CPU = Release|Any CPU
	EndGlobalSection
	GlobalSection(ProjectConfigurationPlatforms) = postSolution
		{2E6749A9-D06C-E42E-04EC-B4930D087B9E}.Debug|Any CPU.ActiveCfg = Debug|Any CPU
		{2E6749A9-D06C-E42E-04EC-B4930D087B9E}.Debug|Any CPU.Build.0 = Debug|Any CPU
		{2E6749A9-D06C-E42E-04EC-B4930D087B9E}.Release|Any CPU.ActiveCfg = Release|Any CPU
		{2E6749A9-D06C-E42E-04EC-B4930D087B9E}.Release|Any CPU.Build.0 = Release|Any CPU
	EndGlobalSection
	GlobalSection(SolutionProperties) = preSolution
		HideSolutionNode = FALSE
	EndGlobalSection
	GlobalSection(ExtensibilityGlobals) = postSolution
		SolutionGuid = {70E02EB6-BF6F-4CAA-9614-FDF83C40B0BB}
	EndGlobalSection
EndGlobal
